{
  "name": "vite-project",
  "version": "0.0.0",
  "lockfileVersion": 1,
  "requires": true,
  "dependencies": {
    "@babel/helper-validator-identifier": {
      "version": "7.12.11",
      "resolved": "https://registry.npm.taobao.org/@babel/helper-validator-identifier/download/@babel/helper-validator-identifier-7.12.11.tgz",
      "integrity": "sha1-yaHwIZF9y1zPDU5FPjmQIpgfye0="
    },
    "@babel/parser": {
      "version": "7.12.13",
      "resolved": "https://registry.npm.taobao.org/@babel/parser/download/@babel/parser-7.12.13.tgz",
      "integrity": "sha1-Pue+QTH+ZXupFD1cWzqfJT/bdek="
    },
    "@babel/types": {
      "version": "7.12.13",
      "resolved": "https://registry.npm.taobao.org/@babel/types/download/@babel/types-7.12.13.tgz",
      "integrity": "sha1-i+GqjyyHbaEanPZQwOz2VpE61hE=",
      "requires": {
        "@babel/helper-validator-identifier": "^7.12.11",
        "lodash": "^4.17.19",
        "to-fast-properties": "^2.0.0"
      }
    },
    "@vitejs/plugin-vue": {
      "version": "1.1.4",
      "resolved": "https://registry.npm.taobao.org/@vitejs/plugin-vue/download/@vitejs/plugin-vue-1.1.4.tgz",
      "integrity": "sha1-HdOIUZt1Q5t3M2AbVSOMppGGR5Y=",
      "dev": true
    },
    "@vue/compiler-core": {
      "version": "3.0.5",
      "resolved": "https://registry.npm.taobao.org/@vue/compiler-core/download/@vue/compiler-core-3.0.5.tgz",
      "integrity": "sha1-puVMq+lTbnTGUTrNJknzEa8dQ6w=",
      "requires": {
        "@babel/parser": "^7.12.0",
        "@babel/types": "^7.12.0",
        "@vue/shared": "3.0.5",
        "estree-walker": "^2.0.1",
        "source-map": "^0.6.1"
      }
    },
    "@vue/compiler-dom": {
      "version": "3.0.5",
      "resolved": "https://registry.npm.taobao.org/@vue/compiler-dom/download/@vue/compiler-dom-3.0.5.tgz",
      "integrity": "sha1-eIWhPm0Y9k3ejrzuwFLtLBAmlsI=",
      "requires": {
        "@vue/compiler-core": "3.0.5",
        "@vue/shared": "3.0.5"
      }
    },
    "@vue/compiler-sfc": {
      "version": "3.2.45",
      "resolved": "https://registry.npmmirror.com/@vue/compiler-sfc/-/compiler-sfc-3.2.45.tgz",
      "integrity": "sha512-1jXDuWah1ggsnSAOGsec8cFjT/K6TMZ0sPL3o3d84Ft2AYZi2jWJgRMjw4iaK0rBfA89L5gw427H4n1RZQBu6Q==",
      "dev": true,
      "requires": {
        "@babel/parser": "^7.16.4",
        "@vue/compiler-core": "3.2.45",
        "@vue/compiler-dom": "3.2.45",
        "@vue/compiler-ssr": "3.2.45",
        "@vue/reactivity-transform": "3.2.45",
        "@vue/shared": "3.2.45",
        "estree-walker": "^2.0.2",
        "magic-string": "^0.25.7",
        "postcss": "^8.1.10",
        "source-map": "^0.6.1"
      },
      "dependencies": {
        "@babel/parser": {
          "version": "7.20.7",
          "resolved": "https://registry.npmmirror.com/@babel/parser/-/parser-7.20.7.tgz",
          "integrity": "sha512-T3Z9oHybU+0vZlY9CiDSJQTD5ZapcW18ZctFMi0MOAl/4BjFF4ul7NVSARLdbGO5vDqy9eQiGTV0LtKfvCYvcg==",
          "dev": true
        },
        "@vue/compiler-core": {
          "version": "3.2.45",
          "resolved": "https://registry.npmmirror.com/@vue/compiler-core/-/compiler-core-3.2.45.tgz",
          "integrity": "sha512-rcMj7H+PYe5wBV3iYeUgbCglC+pbpN8hBLTJvRiK2eKQiWqu+fG9F+8sW99JdL4LQi7Re178UOxn09puSXvn4A==",
          "dev": true,
          "requires": {
            "@babel/parser": "^7.16.4",
            "@vue/shared": "3.2.45",
            "estree-walker": "^2.0.2",
            "source-map": "^0.6.1"
          }
        },
        "@vue/compiler-dom": {
          "version": "3.2.45",
          "resolved": "https://registry.npmmirror.com/@vue/compiler-dom/-/compiler-dom-3.2.45.tgz",
          "integrity": "sha512-tyYeUEuKqqZO137WrZkpwfPCdiiIeXYCcJ8L4gWz9vqaxzIQRccTSwSWZ/Axx5YR2z+LvpUbmPNXxuBU45lyRw==",
          "dev": true,
          "requires": {
            "@vue/compiler-core": "3.2.45",
            "@vue/shared": "3.2.45"
          }
        },
        "@vue/shared": {
          "version": "3.2.45",
          "resolved": "https://registry.npmmirror.com/@vue/shared/-/shared-3.2.45.tgz",
          "integrity": "sha512-Ewzq5Yhimg7pSztDV+RH1UDKBzmtqieXQlpTVm2AwraoRL/Rks96mvd8Vgi7Lj+h+TH8dv7mXD3FRZR3TUvbSg==",
          "dev": true
        }
      }
    },
    "@vue/compiler-ssr": {
      "version": "3.2.45",
      "resolved": "https://registry.npmmirror.com/@vue/compiler-ssr/-/compiler-ssr-3.2.45.tgz",
      "integrity": "sha512-6BRaggEGqhWht3lt24CrIbQSRD5O07MTmd+LjAn5fJj568+R9eUD2F7wMQJjX859seSlrYog7sUtrZSd7feqrQ==",
      "dev": true,
      "requires": {
        "@vue/compiler-dom": "3.2.45",
        "@vue/shared": "3.2.45"
      },
      "dependencies": {
        "@babel/parser": {
          "version": "7.20.7",
          "resolved": "https://registry.npmmirror.com/@babel/parser/-/parser-7.20.7.tgz",
          "integrity": "sha512-T3Z9oHybU+0vZlY9CiDSJQTD5ZapcW18ZctFMi0MOAl/4BjFF4ul7NVSARLdbGO5vDqy9eQiGTV0LtKfvCYvcg==",
          "dev": true
        },
        "@vue/compiler-core": {
          "version": "3.2.45",
          "resolved": "https://registry.npmmirror.com/@vue/compiler-core/-/compiler-core-3.2.45.tgz",
          "integrity": "sha512-rcMj7H+PYe5wBV3iYeUgbCglC+pbpN8hBLTJvRiK2eKQiWqu+fG9F+8sW99JdL4LQi7Re178UOxn09puSXvn4A==",
          "dev": true,
          "requires": {
            "@babel/parser": "^7.16.4",
            "@vue/shared": "3.2.45",
            "estree-walker": "^2.0.2",
            "source-map": "^0.6.1"
          }
        },
        "@vue/compiler-dom": {
          "version": "3.2.45",
          "resolved": "https://registry.npmmirror.com/@vue/compiler-dom/-/compiler-dom-3.2.45.tgz",
          "integrity": "sha512-tyYeUEuKqqZO137WrZkpwfPCdiiIeXYCcJ8L4gWz9vqaxzIQRccTSwSWZ/Axx5YR2z+LvpUbmPNXxuBU45lyRw==",
          "dev": true,
          "requires": {
            "@vue/compiler-core": "3.2.45",
            "@vue/shared": "3.2.45"
          }
        },
        "@vue/shared": {
          "version": "3.2.45",
          "resolved": "https://registry.npmmirror.com/@vue/shared/-/shared-3.2.45.tgz",
          "integrity": "sha512-Ewzq5Yhimg7pSztDV+RH1UDKBzmtqieXQlpTVm2AwraoRL/Rks96mvd8Vgi7Lj+h+TH8dv7mXD3FRZR3TUvbSg==",
          "dev": true
        }
      }
    },
    "@vue/reactivity": {
      "version": "3.0.5",
      "resolved": "https://registry.npm.taobao.org/@vue/reactivity/download/@vue/reactivity-3.0.5.tgz",
      "integrity": "sha1-43ieTVI9hF+a4LTXcOK0VZR0L9I=",
      "requires": {
        "@vue/shared": "3.0.5"
      }
    },
    "@vue/reactivity-transform": {
      "version": "3.2.45",
      "resolved": "https://registry.npmmirror.com/@vue/reactivity-transform/-/reactivity-transform-3.2.45.tgz",
      "integrity": "sha512-BHVmzYAvM7vcU5WmuYqXpwaBHjsS8T63jlKGWVtHxAHIoMIlmaMyurUSEs1Zcg46M4AYT5MtB1U274/2aNzjJQ==",
      "dev": true,
      "requires": {
        "@babel/parser": "^7.16.4",
        "@vue/compiler-core": "3.2.45",
        "@vue/shared": "3.2.45",
        "estree-walker": "^2.0.2",
        "magic-string": "^0.25.7"
      },
      "dependencies": {
        "@babel/parser": {
          "version": "7.20.7",
          "resolved": "https://registry.npmmirror.com/@babel/parser/-/parser-7.20.7.tgz",
          "integrity": "sha512-T3Z9oHybU+0vZlY9CiDSJQTD5ZapcW18ZctFMi0MOAl/4BjFF4ul7NVSARLdbGO5vDqy9eQiGTV0LtKfvCYvcg==",
          "dev": true
        },
        "@vue/compiler-core": {
          "version": "3.2.45",
          "resolved": "https://registry.npmmirror.com/@vue/compiler-core/-/compiler-core-3.2.45.tgz",
          "integrity": "sha512-rcMj7H+PYe5wBV3iYeUgbCglC+pbpN8hBLTJvRiK2eKQiWqu+fG9F+8sW99JdL4LQi7Re178UOxn09puSXvn4A==",
          "dev": true,
          "requires": {
            "@babel/parser": "^7.16.4",
            "@vue/shared": "3.2.45",
            "estree-walker": "^2.0.2",
            "source-map": "^0.6.1"
          }
        },
        "@vue/shared": {
          "version": "3.2.45",
          "resolved": "https://registry.npmmirror.com/@vue/shared/-/shared-3.2.45.tgz",
          "integrity": "sha512-Ewzq5Yhimg7pSztDV+RH1UDKBzmtqieXQlpTVm2AwraoRL/Rks96mvd8Vgi7Lj+h+TH8dv7mXD3FRZR3TUvbSg==",
          "dev": true
        }
      }
    },
    "@vue/runtime-core": {
      "version": "3.0.5",
      "resolved": "https://registry.npm.taobao.org/@vue/runtime-core/download/@vue/runtime-core-3.0.5.tgz",
      "integrity": "sha1-2mMx1fMA1XlOng69yKi9cqnhmWI=",
      "requires": {
        "@vue/reactivity": "3.0.5",
        "@vue/shared": "3.0.5"
      }
    },
    "@vue/runtime-dom": {
      "version": "3.0.5",
      "resolved": "https://registry.npm.taobao.org/@vue/runtime-dom/download/@vue/runtime-dom-3.0.5.tgz",
      "integrity": "sha1-HOLJxEniarBpY9oAZAluiCp6iTU=",
      "requires": {
        "@vue/runtime-core": "3.0.5",
        "@vue/shared": "3.0.5",
        "csstype": "^2.6.8"
      }
    },
    "@vue/shared": {
      "version": "3.0.5",
      "resolved": "https://registry.npm.taobao.org/@vue/shared/download/@vue/shared-3.0.5.tgz",
      "integrity": "sha1-wTHYi9ZxPMTZOzuxNy7bGYMiX/A="
    },
    "colorette": {
      "version": "1.2.1",
      "resolved": "https://registry.npm.taobao.org/colorette/download/colorette-1.2.1.tgz",
      "integrity": "sha1-TQuSEyXBT6+SYzCGpTbbbolWSxs=",
      "dev": true
    },
    "csstype": {
      "version": "2.6.14",
      "resolved": "https://registry.npm.taobao.org/csstype/download/csstype-2.6.14.tgz",
      "integrity": "sha1-AEgipAUDRbVa1NzAC+HZzy9Clt4="
    },
    "esbuild": {
      "version": "0.8.39",
      "resolved": "https://registry.npm.taobao.org/esbuild/download/esbuild-0.8.39.tgz",
      "integrity": "sha1-GLhKPVYXPFXuj0W8bHtTdLCpjss=",
      "dev": true
    },
    "estree-walker": {
      "version": "2.0.2",
      "resolved": "https://registry.npm.taobao.org/estree-walker/download/estree-walker-2.0.2.tgz",
      "integrity": "sha1-UvAQF4wqTBF6d1fP6UKtt9LaTKw="
    },
    "fsevents": {
      "version": "2.1.3",
      "resolved": "https://registry.npm.taobao.org/fsevents/download/fsevents-2.1.3.tgz",
      "integrity": "sha1-+3OHA66NL5/pAMM4Nt3r7ouX8j4=",
      "dev": true,
      "optional": true
    },
    "function-bind": {
      "version": "1.1.1",
      "resolved": "https://registry.npm.taobao.org/function-bind/download/function-bind-1.1.1.tgz",
      "integrity": "sha1-pWiZ0+o8m6uHS7l3O3xe3pL0iV0=",
      "dev": true
    },
    "has": {
      "version": "1.0.3",
      "resolved": "https://registry.npm.taobao.org/has/download/has-1.0.3.tgz",
      "integrity": "sha1-ci18v8H2qoJB8W3YFOAR4fQeh5Y=",
      "dev": true,
      "requires": {
        "function-bind": "^1.1.1"
      }
    },
    "is-core-module": {
      "version": "2.2.0",
      "resolved": "https://registry.npm.taobao.org/is-core-module/download/is-core-module-2.2.0.tgz",
      "integrity": "sha1-lwN+89UiJNhRY/VZeytj2a/tmBo=",
      "dev": true,
      "requires": {
        "has": "^1.0.3"
      }
    },
    "lodash": {
      "version": "4.17.20",
      "resolved": "https://registry.npm.taobao.org/lodash/download/lodash-4.17.20.tgz",
      "integrity": "sha1-tEqbYpe8tpjxxRo1RaKzs2jVnFI="
    },
    "magic-string": {
      "version": "0.25.9",
      "resolved": "https://registry.npmmirror.com/magic-string/-/magic-string-0.25.9.tgz",
      "integrity": "sha512-RmF0AsMzgt25qzqqLc1+MbHmhdx0ojF2Fvs4XnOqz2ZOBXzzkEwc/dJQZCYHAn7v1jbVOjAZfK8msRn4BxO4VQ==",
      "dev": true,
      "requires": {
        "sourcemap-codec": "^1.4.8"
      }
    },
    "nanoid": {
      "version": "3.1.20",
      "resolved": "https://registry.npm.taobao.org/nanoid/download/nanoid-3.1.20.tgz",
      "integrity": "sha1-utwmPGsdzxS3HvqoX2q0wdbPx4g=",
      "dev": true
    },
    "path-parse": {
      "version": "1.0.6",
      "resolved": "https://registry.npm.taobao.org/path-parse/download/path-parse-1.0.6.tgz",
      "integrity": "sha1-1i27VnlAXXLEc37FhgDp3c8G0kw=",
      "dev": true
    },
    "picocolors": {
      "version": "1.0.0",
      "resolved": "https://registry.npmmirror.com/picocolors/-/picocolors-1.0.0.tgz",
      "integrity": "sha512-1fygroTLlHu66zi26VoTDv8yRgm0Fccecssto+MhsZ0D/DGW2sm8E8AjW7NU5VVTRt5GxbeZ5qBuJr+HyLYkjQ==",
      "dev": true
    },
    "postcss": {
      "version": "8.4.20",
      "resolved": "https://registry.npmmirror.com/postcss/-/postcss-8.4.20.tgz",
      "integrity": "sha512-6Q04AXR1212bXr5fh03u8aAwbLxAQNGQ/Q1LNa0VfOI06ZAlhPHtQvE4OIdpj4kLThXilalPnmDSOD65DcHt+g==",
      "dev": true,
      "requires": {
        "nanoid": "^3.3.4",
        "picocolors": "^1.0.0",
        "source-map-js": "^1.0.2"
      },
      "dependencies": {
        "nanoid": {
          "version": "3.3.4",
          "resolved": "https://registry.npmmirror.com/nanoid/-/nanoid-3.3.4.tgz",
          "integrity": "sha512-MqBkQh/OHTS2egovRtLk45wEyNXwF+cokD+1YPf9u5VfJiRdAiRwB2froX5Co9Rh20xs4siNPm8naNotSD6RBw==",
          "dev": true
        }
      }
    },
    "resolve": {
      "version": "1.19.0",
      "resolved": "https://registry.npm.taobao.org/resolve/download/resolve-1.19.0.tgz",
      "integrity": "sha1-GvW/YwQJc0oGfK4pMYqsf6KaJnw=",
      "dev": true,
      "requires": {
        "is-core-module": "^2.1.0",
        "path-parse": "^1.0.6"
      }
    },
    "rollup": {
      "version": "2.38.4",
      "resolved": "https://registry.npm.taobao.org/rollup/download/rollup-2.38.4.tgz",
      "integrity": "sha1-G4TqhyjHOxoApqbpxjDsjD/kjOo=",
      "dev": true,
      "requires": {
        "fsevents": "~2.3.1"
      },
      "dependencies": {
        "fsevents": {
          "version": "2.3.1",
          "resolved": "https://registry.npm.taobao.org/fsevents/download/fsevents-2.3.1.tgz",
          "integrity": "sha1-sgmrFMYQEmNsiGNQft9/tozFTp8=",
          "dev": true,
          "optional": true
        }
      }
    },
    "source-map": {
      "version": "0.6.1",
      "resolved": "https://registry.npm.taobao.org/source-map/download/source-map-0.6.1.tgz",
      "integrity": "sha1-dHIq8y6WFOnCh6jQu95IteLxomM="
    },
    "source-map-js": {
      "version": "1.0.2",
      "resolved": "https://registry.npmmirror.com/source-map-js/-/source-map-js-1.0.2.tgz",
      "integrity": "sha512-R0XvVJ9WusLiqTCEiGCmICCMplcCkIwwR11mOSD9CR5u+IXYdiseeEuXCVAjS54zqwkLcPNnmU4OeJ6tUrWhDw==",
      "dev": true
    },
    "sourcemap-codec": {
      "version": "1.4.8",
      "resolved": "https://registry.npmmirror.com/sourcemap-codec/-/sourcemap-codec-1.4.8.tgz",
      "integrity": "sha512-9NykojV5Uih4lgo5So5dtw+f0JgJX30KCNI8gwhz2J9A15wD0Ml6tjHKwf6fTSa6fAdVBdZeNOs9eJ71qCk8vA==",
      "dev": true
    },
    "to-fast-properties": {
      "version": "2.0.0",
      "resolved": "https://registry.npm.taobao.org/to-fast-properties/download/to-fast-properties-2.0.0.tgz",
      "integrity": "sha1-3F5pjL0HkmW8c+A3doGk5Og/YW4="
    },
    "vite": {
      "version": "2.0.0-beta.62",
      "resolved": "https://registry.npm.taobao.org/vite/download/vite-2.0.0-beta.62.tgz",
      "integrity": "sha1-Mif8Y+zT1vxnsbla3WjNzeCYRLI=",
      "dev": true,
      "requires": {
        "esbuild": "^0.8.34",
        "fsevents": "~2.1.2",
        "postcss": "^8.2.1",
        "resolve": "^1.19.0",
        "rollup": "^2.35.1"
      },
      "dependencies": {
        "postcss": {
          "version": "8.2.4",
          "resolved": "https://registry.npm.taobao.org/postcss/download/postcss-8.2.4.tgz",
          "integrity": "sha1-IKmKOc8wPRUSnChlqew37aADHQQ=",
          "dev": true,
          "requires": {
            "colorette": "^1.2.1",
            "nanoid": "^3.1.20",
            "source-map": "^0.6.1"
          }
        }
      }
    },
    "vue": {
      "version": "3.0.5",
      "resolved": "https://registry.npm.taobao.org/vue/download/vue-3.0.5.tgz",
      "integrity": "sha1-3huC66JKv+ceCXD8m41LK6vcP+E=",
      "requires": {
        "@vue/compiler-dom": "3.0.5",
        "@vue/runtime-dom": "3.0.5",
        "@vue/shared": "3.0.5"
      }
    }
  }
}
